// !$*UTF8*$!
{
	archiveVersion = 1;
	classes = {
	};
	objectVersion = 56;
	objects = {

/* Begin PBXBuildFile section */
		D621E3B729C669C200816600 /* MemoryMatchApp.swift in Sources */ = {isa = PBXBuildFile; fileRef = D621E3B629C669C200816600 /* MemoryMatchApp.swift */; };
		D621E3B929C669C200816600 /* ContentView.swift in Sources */ = {isa = PBXBuildFile; fileRef = D621E3B829C669C200816600 /* ContentView.swift */; };
		D621E3BB29C669C400816600 /* Assets.xcassets in Resources */ = {isa = PBXBuildFile; fileRef = D621E3BA29C669C400816600 /* Assets.xcassets */; };
		D621E3BE29C669C400816600 /* Preview Assets.xcassets in Resources */ = {isa = PBXBuildFile; fileRef = D621E3BD29C669C400816600 /* Preview Assets.xcassets */; };
		D621E3C929C67CDA00816600 /* Difficulty.swift in Sources */ = {isa = PBXBuildFile; fileRef = D621E3C829C67CDA00816600 /* Difficulty.swift */; };
		D621E3CB29C67D3600816600 /* Card.swift in Sources */ = {isa = PBXBuildFile; fileRef = D621E3CA29C67D3600816600 /* Card.swift */; };
		D621E3CD29C67E8700816600 /* MemoryMatchView.swift in Sources */ = {isa = PBXBuildFile; fileRef = D621E3CC29C67E8700816600 /* MemoryMatchView.swift */; };
		D621E3CF29C67FC300816600 /* DifficultySelectionView.swift in Sources */ = {isa = PBXBuildFile; fileRef = D621E3CE29C67FC300816600 /* DifficultySelectionView.swift */; };
		D621E3D129C6829900816600 /* MemoryMatchViewModel.swift in Sources */ = {isa = PBXBuildFile; fileRef = D621E3D029C6829900816600 /* MemoryMatchViewModel.swift */; };
		D621E3D329C7000F00816600 /* UserSettings.swift in Sources */ = {isa = PBXBuildFile; fileRef = D621E3D229C7000F00816600 /* UserSettings.swift */; };
		D621E3D529C7389400816600 /* Theme.swift in Sources */ = {isa = PBXBuildFile; fileRef = D621E3D429C7389400816600 /* Theme.swift */; };
		D621E3D729C73A8000816600 /* ShakeEffect.swift in Sources */ = {isa = PBXBuildFile; fileRef = D621E3D629C73A8000816600 /* ShakeEffect.swift */; };
		D6B9D5B029C7B0CB0085FF7C /* SoundManager.swift in Sources */ = {isa = PBXBuildFile; fileRef = D6B9D5AF29C7B0CB0085FF7C /* SoundManager.swift */; };
		D6B9D5B929C7B2100085FF7C /* cardFlip.mp3 in Resources */ = {isa = PBXBuildFile; fileRef = D6B9D5B729C7B20F0085FF7C /* cardFlip.mp3 */; };
		D6B9D5BA29C7B2100085FF7C /* match.mp3 in Resources */ = {isa = PBXBuildFile; fileRef = D6B9D5B829C7B2100085FF7C /* match.mp3 */; };
/* End PBXBuildFile section */

/* Begin PBXFileReference section */
		D621E3B329C669C200816600 /* MemoryMatch.app */ = {isa = PBXFileReference; explicitFileType = wrapper.application; includeInIndex = 0; path = MemoryMatch.app; sourceTree = BUILT_PRODUCTS_DIR; };
		D621E3B629C669C200816600 /* MemoryMatchApp.swift */ = {isa = PBXFileReference; lastKnownFileType = sourcecode.swift; path = MemoryMatchApp.swift; sourceTree = "<group>"; };
		D621E3B829C669C200816600 /* ContentView.swift */ = {isa = PBXFileReference; lastKnownFileType = sourcecode.swift; path = ContentView.swift; sourceTree = "<group>"; };
		D621E3BA29C669C400816600 /* Assets.xcassets */ = {isa = PBXFileReference; lastKnownFileType = folder.assetcatalog; path = Assets.xcassets; sourceTree = "<group>"; };
		D621E3BD29C669C400816600 /* Preview Assets.xcassets */ = {isa = PBXFileReference; lastKnownFileType = folder.assetcatalog; path = "Preview Assets.xcassets"; sourceTree = "<group>"; };
		D621E3C829C67CDA00816600 /* Difficulty.swift */ = {isa = PBXFileReference; lastKnownFileType = sourcecode.swift; path = Difficulty.swift; sourceTree = "<group>"; };
		D621E3CA29C67D3600816600 /* Card.swift */ = {isa = PBXFileReference; lastKnownFileType = sourcecode.swift; path = Card.swift; sourceTree = "<group>"; };
		D621E3CC29C67E8700816600 /* MemoryMatchView.swift */ = {isa = PBXFileReference; lastKnownFileType = sourcecode.swift; path = MemoryMatchView.swift; sourceTree = "<group>"; };
		D621E3CE29C67FC300816600 /* DifficultySelectionView.swift */ = {isa = PBXFileReference; lastKnownFileType = sourcecode.swift; path = DifficultySelectionView.swift; sourceTree = "<group>"; };
		D621E3D029C6829900816600 /* MemoryMatchViewModel.swift */ = {isa = PBXFileReference; lastKnownFileType = sourcecode.swift; path = MemoryMatchViewModel.swift; sourceTree = "<group>"; };
		D621E3D229C7000F00816600 /* UserSettings.swift */ = {isa = PBXFileReference; lastKnownFileType = sourcecode.swift; path = UserSettings.swift; sourceTree = "<group>"; };
		D621E3D429C7389400816600 /* Theme.swift */ = {isa = PBXFileReference; lastKnownFileType = sourcecode.swift; path = Theme.swift; sourceTree = "<group>"; };
		D621E3D629C73A8000816600 /* ShakeEffect.swift */ = {isa = PBXFileReference; lastKnownFileType = sourcecode.swift; path = ShakeEffect.swift; sourceTree = "<group>"; };
		D6B9D5AF29C7B0CB0085FF7C /* SoundManager.swift */ = {isa = PBXFileReference; lastKnownFileType = sourcecode.swift; path = SoundManager.swift; sourceTree = "<group>"; };
		D6B9D5B729C7B20F0085FF7C /* cardFlip.mp3 */ = {isa = PBXFileReference; lastKnownFileType = audio.mp3; path = cardFlip.mp3; sourceTree = "<group>"; };
		D6B9D5B829C7B2100085FF7C /* match.mp3 */ = {isa = PBXFileReference; lastKnownFileType = audio.mp3; path = match.mp3; sourceTree = "<group>"; };
/* End PBXFileReference section */

/* Begin PBXFrameworksBuildPhase section */
		D621E3B029C669C200816600 /* Frameworks */ = {
			isa = PBXFrameworksBuildPhase;
			buildActionMask = 2147483647;
			files = (
			);
			runOnlyForDeploymentPostprocessing = 0;
		};
/* End PBXFrameworksBuildPhase section */

/* Begin PBXGroup section */
		D621E3AA29C669C200816600 = {
			isa = PBXGroup;
			children = (
				D621E3B529C669C200816600 /* MemoryMatch */,
				D621E3B429C669C200816600 /* Products */,
			);
			sourceTree = "<group>";
		};
		D621E3B429C669C200816600 /* Products */ = {
			isa = PBXGroup;
			children = (
				D621E3B329C669C200816600 /* MemoryMatch.app */,
			);
			name = Products;
			sourceTree = "<group>";
		};
		D621E3B529C669C200816600 /* MemoryMatch */ = {
			isa = PBXGroup;
			children = (
				D6B9D5B629C7B1A70085FF7C /* Sounds */,
				D621E3B629C669C200816600 /* MemoryMatchApp.swift */,
				D621E3B829C669C200816600 /* ContentView.swift */,
				D621E3BA29C669C400816600 /* Assets.xcassets */,
				D621E3BC29C669C400816600 /* Preview Content */,
				D621E3C829C67CDA00816600 /* Difficulty.swift */,
				D621E3CA29C67D3600816600 /* Card.swift */,
				D621E3CC29C67E8700816600 /* MemoryMatchView.swift */,
				D621E3CE29C67FC300816600 /* DifficultySelectionView.swift */,
				D621E3D029C6829900816600 /* MemoryMatchViewModel.swift */,
				D621E3D229C7000F00816600 /* UserSettings.swift */,
				D621E3D429C7389400816600 /* Theme.swift */,
				D621E3D629C73A8000816600 /* ShakeEffect.swift */,
				D6B9D5AF29C7B0CB0085FF7C /* SoundManager.swift */,
			);
			path = MemoryMatch;
			sourceTree = "<group>";
		};
		D621E3BC29C669C400816600 /* Preview Content */ = {
			isa = PBXGroup;
			children = (
				D621E3BD29C669C400816600 /* Preview Assets.xcassets */,
			);
			path = "Preview Content";
			sourceTree = "<group>";
		};
		D6B9D5B629C7B1A70085FF7C /* Sounds */ = {
			isa = PBXGroup;
			children = (
				D6B9D5B729C7B20F0085FF7C /* cardFlip.mp3 */,
				D6B9D5B829C7B2100085FF7C /* match.mp3 */,
			);
			path = Sounds;
			sourceTree = "<group>";
		};
/* End PBXGroup section */

/* Begin PBXNativeTarget section */
		D621E3B229C669C200816600 /* MemoryMatch */ = {
			isa = PBXNativeTarget;
			buildConfigurationList = D621E3C129C669C400816600 /* Build configuration list for PBXNativeTarget "MemoryMatch" */;
			buildPhases = (
				D621E3AF29C669C200816600 /* Sources */,
				D621E3B029C669C200816600 /* Frameworks */,
				D621E3B129C669C200816600 /* Resources */,
			);
			buildRules = (
			);
			dependencies = (
			);
			name = MemoryMatch;
			productName = MemoryMatch;
			productReference = D621E3B329C669C200816600 /* MemoryMatch.app */;
			productType = "com.apple.product-type.application";
		};
/* End PBXNativeTarget section */

/* Begin PBXProject section */
		D621E3AB29C669C200816600 /* Project object */ = {
			isa = PBXProject;
			attributes = {
				BuildIndependentTargetsInParallel = 1;
				LastSwiftUpdateCheck = 1420;
				LastUpgradeCheck = 1420;
				TargetAttributes = {
					D621E3B229C669C200816600 = {
						CreatedOnToolsVersion = 14.2;
					};
				};
			};
			buildConfigurationList = D621E3AE29C669C200816600 /* Build configuration list for PBXProject "MemoryMatch" */;
			compatibilityVersion = "Xcode 14.0";
			developmentRegion = en;
			hasScannedForEncodings = 0;
			knownRegions = (
				en,
				Base,
			);
			mainGroup = D621E3AA29C669C200816600;
			productRefGroup = D621E3B429C669C200816600 /* Products */;
			projectDirPath = "";
			projectRoot = "";
			targets = (
				D621E3B229C669C200816600 /* MemoryMatch */,
			);
		};
/* End PBXProject section */

/* Begin PBXResourcesBuildPhase section */
		D621E3B129C669C200816600 /* Resources */ = {
			isa = PBXResourcesBuildPhase;
			buildActionMask = 2147483647;
			files = (
				D6B9D5BA29C7B2100085FF7C /* match.mp3 in Resources */,
				D6B9D5B929C7B2100085FF7C /* cardFlip.mp3 in Resources */,
				D621E3BE29C669C400816600 /* Preview Assets.xcassets in Resources */,
				D621E3BB29C669C400816600 /* Assets.xcassets in Resources */,
			);
			runOnlyForDeploymentPostprocessing = 0;
		};
/* End PBXResourcesBuildPhase section */

/* Begin PBXSourcesBuildPhase section */
		D621E3AF29C669C200816600 /* Sources */ = {
			isa = PBXSourcesBuildPhase;
			buildActionMask = 2147483647;
			files = (
				D621E3D529C7389400816600 /* Theme.swift in Sources */,
				D621E3B929C669C200816600 /* ContentView.swift in Sources */,
				D621E3B729C669C200816600 /* MemoryMatchApp.swift in Sources */,
				D621E3D729C73A8000816600 /* ShakeEffect.swift in Sources */,
				D621E3C929C67CDA00816600 /* Difficulty.swift in Sources */,
				D621E3D129C6829900816600 /* MemoryMatchViewModel.swift in Sources */,
				D621E3CD29C67E8700816600 /* MemoryMatchView.swift in Sources */,
				D621E3D329C7000F00816600 /* UserSettings.swift in Sources */,
				D621E3CF29C67FC300816600 /* DifficultySelectionView.swift in Sources */,
				D6B9D5B029C7B0CB0085FF7C /* SoundManager.swift in Sources */,
				D621E3CB29C67D3600816600 /* Card.swift in Sources */,
			);
			runOnlyForDeploymentPostprocessing = 0;
		};
/* End PBXSourcesBuildPhase section */

/* Begin XCBuildConfiguration section */
		D621E3BF29C669C400816600 /* Debug */ = {
			isa = XCBuildConfiguration;
			buildSettings = {
				ALWAYS_SEARCH_USER_PATHS = NO;
				CLANG_ANALYZER_NONNULL = YES;
				CLANG_ANALYZER_NUMBER_OBJECT_CONVERSION = YES_AGGRESSIVE;
				CLANG_CXX_LANGUAGE_STANDARD = "gnu++20";
				CLANG_ENABLE_MODULES = YES;
				CLANG_ENABLE_OBJC_ARC = YES;
				CLANG_ENABLE_OBJC_WEAK = YES;
				CLANG_WARN_BLOCK_CAPTURE_AUTORELEASING = YES;
				CLANG_WARN_BOOL_CONVERSION = YES;
				CLANG_WARN_COMMA = YES;
				CLANG_WARN_CONSTANT_CONVERSION = YES;
				CLANG_WARN_DEPRECATED_OBJC_IMPLEMENTATIONS = YES;
				CLANG_WARN_DIRECT_OBJC_ISA_USAGE = YES_ERROR;
				CLANG_WARN_DOCUMENTATION_COMMENTS = YES;
				CLANG_WARN_EMPTY_BODY = YES;
				CLANG_WARN_ENUM_CONVERSION = YES;
				CLANG_WARN_INFINITE_RECURSION = YES;
				CLANG_WARN_INT_CONVERSION = YES;
				CLANG_WARN_NON_LITERAL_NULL_CONVERSION = YES;
				CLANG_WARN_OBJC_IMPLICIT_RETAIN_SELF = YES;
				CLANG_WARN_OBJC_LITERAL_CONVERSION = YES;
				CLANG_WARN_OBJC_ROOT_CLASS = YES_ERROR;
				CLANG_WARN_QUOTED_INCLUDE_IN_FRAMEWORK_HEADER = YES;
				CLANG_WARN_RANGE_LOOP_ANALYSIS = YES;
				CLANG_WARN_STRICT_PROTOTYPES = YES;
				CLANG_WARN_SUSPICIOUS_MOVE = YES;
				CLANG_WARN_UNGUARDED_AVAILABILITY = YES_AGGRESSIVE;
				CLANG_WARN_UNREACHABLE_CODE = YES;
				CLANG_WARN__DUPLICATE_METHOD_MATCH = YES;
				COPY_PHASE_STRIP = NO;
				DEBUG_INFORMATION_FORMAT = dwarf;
				ENABLE_STRICT_OBJC_MSGSEND = YES;
				ENABLE_TESTABILITY = YES;
				GCC_C_LANGUAGE_STANDARD = gnu11;
				GCC_DYNAMIC_NO_PIC = NO;
				GCC_NO_COMMON_BLOCKS = YES;
				GCC_OPTIMIZATION_LEVEL = 0;
				GCC_PREPROCESSOR_DEFINITIONS = (
					"DEBUG=1",
					"$(inherited)",
				);
				GCC_WARN_64_TO_32_BIT_CONVERSION = YES;
				GCC_WARN_ABOUT_RETURN_TYPE = YES_ERROR;
				GCC_WARN_UNDECLARED_SELECTOR = YES;
				GCC_WARN_UNINITIALIZED_AUTOS = YES_AGGRESSIVE;
				GCC_WARN_UNUSED_FUNCTION = YES;
				GCC_WARN_UNUSED_VARIABLE = YES;
				IPHONEOS_DEPLOYMENT_TARGET = 16.2;
				MTL_ENABLE_DEBUG_INFO = INCLUDE_SOURCE;
				MTL_FAST_MATH = YES;
				ONLY_ACTIVE_ARCH = YES;
				SDKROOT = iphoneos;
				SWIFT_ACTIVE_COMPILATION_CONDITIONS = DEBUG;
				SWIFT_OPTIMIZATION_LEVEL = "-Onone";
			};
			name = Debug;
		};
		D621E3C029C669C400816600 /* Release */ = {
			isa = XCBuildConfiguration;
			buildSettings = {
				ALWAYS_SEARCH_USER_PATHS = NO;
				CLANG_ANALYZER_NONNULL = YES;
				CLANG_ANALYZER_NUMBER_OBJECT_CONVERSION = YES_AGGRESSIVE;
				CLANG_CXX_LANGUAGE_STANDARD = "gnu++20";
				CLANG_ENABLE_MODULES = YES;
				CLANG_ENABLE_OBJC_ARC = YES;
				CLANG_ENABLE_OBJC_WEAK = YES;
				CLANG_WARN_BLOCK_CAPTURE_AUTORELEASING = YES;
				CLANG_WARN_BOOL_CONVERSION = YES;
				CLANG_WARN_COMMA = YES;
				CLANG_WARN_CONSTANT_CONVERSION = YES;
				CLANG_WARN_DEPRECATED_OBJC_IMPLEMENTATIONS = YES;
				CLANG_WARN_DIRECT_OBJC_ISA_USAGE = YES_ERROR;
				CLANG_WARN_DOCUMENTATION_COMMENTS = YES;
				CLANG_WARN_EMPTY_BODY = YES;
				CLANG_WARN_ENUM_CONVERSION = YES;
				CLANG_WARN_INFINITE_RECURSION = YES;
				CLANG_WARN_INT_CONVERSION = YES;
				CLANG_WARN_NON_LITERAL_NULL_CONVERSION = YES;
				CLANG_WARN_OBJC_IMPLICIT_RETAIN_SELF = YES;
				CLANG_WARN_OBJC_LITERAL_CONVERSION = YES;
				CLANG_WARN_OBJC_ROOT_CLASS = YES_ERROR;
				CLANG_WARN_QUOTED_INCLUDE_IN_FRAMEWORK_HEADER = YES;
				CLANG_WARN_RANGE_LOOP_ANALYSIS = YES;
				CLANG_WARN_STRICT_PROTOTYPES = YES;
				CLANG_WARN_SUSPICIOUS_MOVE = YES;
				CLANG_WARN_UNGUARDED_AVAILABILITY = YES_AGGRESSIVE;
				CLANG_WARN_UNREACHABLE_CODE = YES;
				CLANG_WARN__DUPLICATE_METHOD_MATCH = YES;
				COPY_PHASE_STRIP = NO;
				DEBUG_INFORMATION_FORMAT = "dwarf-with-dsym";
				ENABLE_NS_ASSERTIONS = NO;
				ENABLE_STRICT_OBJC_MSGSEND = YES;
				GCC_C_LANGUAGE_STANDARD = gnu11;
				GCC_NO_COMMON_BLOCKS = YES;
				GCC_WARN_64_TO_32_BIT_CONVERSION = YES;
				GCC_WARN_ABOUT_RETURN_TYPE = YES_ERROR;
				GCC_WARN_UNDECLARED_SELECTOR = YES;
				GCC_WARN_UNINITIALIZED_AUTOS = YES_AGGRESSIVE;
				GCC_WARN_UNUSED_FUNCTION = YES;
				GCC_WARN_UNUSED_VARIABLE = YES;
				IPHONEOS_DEPLOYMENT_TARGET = 16.2;
				MTL_ENABLE_DEBUG_INFO = NO;
				MTL_FAST_MATH = YES;
				SDKROOT = iphoneos;
				SWIFT_COMPILATION_MODE = wholemodule;
				SWIFT_OPTIMIZATION_LEVEL = "-O";
				VALIDATE_PRODUCT = YES;
			};
			name = Release;
		};
		D621E3C229C669C400816600 /* Debug */ = {
			isa = XCBuildConfiguration;
			buildSettings = {
				ASSETCATALOG_COMPILER_APPICON_NAME = AppIcon;
				ASSETCATALOG_COMPILER_GLOBAL_ACCENT_COLOR_NAME = AccentColor;
				CODE_SIGN_STYLE = Automatic;
				CURRENT_PROJECT_VERSION = 1;
				DEVELOPMENT_ASSET_PATHS = "\"MemoryMatch/Preview Content\"";
				DEVELOPMENT_TEAM = 7D33GSZV3K;
				ENABLE_PREVIEWS = YES;
				GENERATE_INFOPLIST_FILE = YES;
				INFOPLIST_KEY_UIApplicationSceneManifest_Generation = YES;
				INFOPLIST_KEY_UIApplicationSupportsIndirectInputEvents = YES;
				INFOPLIST_KEY_UILaunchScreen_Generation = YES;
				INFOPLIST_KEY_UISupportedInterfaceOrientations_iPad = "UIInterfaceOrientationPortrait UIInterfaceOrientationPortraitUpsideDown UIInterfaceOrientationLandscapeLeft UIInterfaceOrientationLandscapeRight";
				INFOPLIST_KEY_UISupportedInterfaceOrientations_iPhone = "UIInterfaceOrientationPortrait UIInterfaceOrientationLandscapeLeft UIInterfaceOrientationLandscapeRight";
				LD_RUNPATH_SEARCH_PATHS = (
					"$(inherited)",
					"@executable_path/Frameworks",
				);
				MARKETING_VERSION = 1.0;
				PRODUCT_BUNDLE_IDENTIFIER = com.10guru.MemoryMatch;
				PRODUCT_NAME = "$(TARGET_NAME)";
				SWIFT_EMIT_LOC_STRINGS = YES;
				SWIFT_VERSION = 5.0;
				TARGETED_DEVICE_FAMILY = "1,2";
			};
			name = Debug;
		};
		D621E3C329C669C400816600 /* Release */ = {
			isa = XCBuildConfiguration;
			buildSettings = {
				ASSETCATALOG_COMPILER_APPICON_NAME = AppIcon;
				ASSETCATALOG_COMPILER_GLOBAL_ACCENT_COLOR_NAME = AccentColor;
				CODE_SIGN_STYLE = Automatic;
				CURRENT_PROJECT_VERSION = 1;
				DEVELOPMENT_ASSET_PATHS = "\"MemoryMatch/Preview Content\"";
				DEVELOPMENT_TEAM = 7D33GSZV3K;
				ENABLE_PREVIEWS = YES;
				GENERATE_INFOPLIST_FILE = YES;
				INFOPLIST_KEY_UIApplicationSceneManifest_Generation = YES;
				INFOPLIST_KEY_UIApplicationSupportsIndirectInputEvents = YES;
				INFOPLIST_KEY_UILaunchScreen_Generation = YES;
				INFOPLIST_KEY_UISupportedInterfaceOrientations_iPad = "UIInterfaceOrientationPortrait UIInterfaceOrientationPortraitUpsideDown UIInterfaceOrientationLandscapeLeft UIInterfaceOrientationLandscapeRight";
				INFOPLIST_KEY_UISupportedInterfaceOrientations_iPhone = "UIInterfaceOrientationPortrait UIInterfaceOrientationLandscapeLeft UIInterfaceOrientationLandscapeRight";
				LD_RUNPATH_SEARCH_PATHS = (
					"$(inherited)",
					"@executable_path/Frameworks",
				);
				MARKETING_VERSION = 1.0;
				PRODUCT_BUNDLE_IDENTIFIER = com.10guru.MemoryMatch;
				PRODUCT_NAME = "$(TARGET_NAME)";
				SWIFT_EMIT_LOC_STRINGS = YES;
				SWIFT_VERSION = 5.0;
				TARGETED_DEVICE_FAMILY = "1,2";
			};
			name = Release;
		};
/* End XCBuildConfiguration section */

/* Begin XCConfigurationList section */
		D621E3AE29C669C200816600 /* Build configuration list for PBXProject "MemoryMatch" */ = {
			isa = XCConfigurationList;
			buildConfigurations = (
				D621E3BF29C669C400816600 /* Debug */,
				D621E3C029C669C400816600 /* Release */,
			);
			defaultConfigurationIsVisible = 0;
			defaultConfigurationName = Release;
		};
		D621E3C129C669C400816600 /* Build configuration list for PBXNativeTarget "MemoryMatch" */ = {
			isa = XCConfigurationList;
			buildConfigurations = (
				D621E3C229C669C400816600 /* Debug */,
				D621E3C329C669C400816600 /* Release */,
			);
			defaultConfigurationIsVisible = 0;
			defaultConfigurationName = Release;
		};
/* End XCConfigurationList section */
	};
	rootObject = D621E3AB29C669C200816600 /* Project object */;
}
